
Microsoft Visual Studio Solution File, Format Version 12.00
# Visual Studio Version 17
VisualStudioVersion = 17.2.32630.192
MinimumVisualStudioVersion = 10.0.40219.1
Project("{9A19103F-16F7-4668-BE54-9A1E7A4F7556}") = "Entra21.TrabalhoFinal.Aplicacao", "Entra21.TrabalhoFinal.Aplicacao\Entra21.TrabalhoFinal.Aplicacao.csproj", "{2633513F-116C-4939-8AF5-B1B1DDC06EC8}"
EndProject
Project("{2150E333-8FDC-42A3-9474-1A3956D46DE8}") = "00 - Application", "00 - Application", "{85C7880D-405D-4FBE-907C-D5C3EF509183}"
EndProject
Project("{2150E333-8FDC-42A3-9474-1A3956D46DE8}") = "01 - Domain", "01 - Domain", "{5E316F0F-C5B1-45A8-B776-A96A250529A7}"
EndProject
Project("{2150E333-8FDC-42A3-9474-1A3956D46DE8}") = "02 - Infra", "02 - Infra", "{52FAB95E-DDFC-47B6-9562-18D19ACA8CD0}"
EndProject
Project("{FAE04EC0-301F-11D3-BF4B-00C04F79EFBC}") = "Entra21.TrabalhoFinal.Servico", "Entra21.TrabalhoFinal.Servico\Entra21.TrabalhoFinal.Servico.csproj", "{F8E4519B-A595-4C86-BD6B-594F1F3722EA}"
EndProject
Project("{FAE04EC0-301F-11D3-BF4B-00C04F79EFBC}") = "Entra21.TrabalhoFinal.Repositorio", "Entra21.TrabalhoFinal.Repositorio\Entra21.TrabalhoFinal.Repositorio.csproj", "{7F3723FC-8DC4-4CA8-9EEB-DEE0106FB828}"
EndProject
Global
	GlobalSection(SolutionConfigurationPlatforms) = preSolution
		Debug|Any CPU = Debug|Any CPU
		Release|Any CPU = Release|Any CPU
	EndGlobalSection
	GlobalSection(ProjectConfigurationPlatforms) = postSolution
		{2633513F-116C-4939-8AF5-B1B1DDC06EC8}.Debug|Any CPU.ActiveCfg = Debug|Any CPU
		{2633513F-116C-4939-8AF5-B1B1DDC06EC8}.Debug|Any CPU.Build.0 = Debug|Any CPU
		{2633513F-116C-4939-8AF5-B1B1DDC06EC8}.Release|Any CPU.ActiveCfg = Release|Any CPU
		{2633513F-116C-4939-8AF5-B1B1DDC06EC8}.Release|Any CPU.Build.0 = Release|Any CPU
		{F8E4519B-A595-4C86-BD6B-594F1F3722EA}.Debug|Any CPU.ActiveCfg = Debug|Any CPU
		{F8E4519B-A595-4C86-BD6B-594F1F3722EA}.Debug|Any CPU.Build.0 = Debug|Any CPU
		{F8E4519B-A595-4C86-BD6B-594F1F3722EA}.Release|Any CPU.ActiveCfg = Release|Any CPU
		{F8E4519B-A595-4C86-BD6B-594F1F3722EA}.Release|Any CPU.Build.0 = Release|Any CPU
		{7F3723FC-8DC4-4CA8-9EEB-DEE0106FB828}.Debug|Any CPU.ActiveCfg = Debug|Any CPU
		{7F3723FC-8DC4-4CA8-9EEB-DEE0106FB828}.Debug|Any CPU.Build.0 = Debug|Any CPU
		{7F3723FC-8DC4-4CA8-9EEB-DEE0106FB828}.Release|Any CPU.ActiveCfg = Release|Any CPU
		{7F3723FC-8DC4-4CA8-9EEB-DEE0106FB828}.Release|Any CPU.Build.0 = Release|Any CPU
	EndGlobalSection
	GlobalSection(SolutionProperties) = preSolution
		HideSolutionNode = FALSE
	EndGlobalSection
	GlobalSection(NestedProjects) = preSolution
		{2633513F-116C-4939-8AF5-B1B1DDC06EC8} = {85C7880D-405D-4FBE-907C-D5C3EF509183}
		{F8E4519B-A595-4C86-BD6B-594F1F3722EA} = {5E316F0F-C5B1-45A8-B776-A96A250529A7}
		{7F3723FC-8DC4-4CA8-9EEB-DEE0106FB828} = {52FAB95E-DDFC-47B6-9562-18D19ACA8CD0}
	EndGlobalSection
	GlobalSection(ExtensibilityGlobals) = postSolution
		SolutionGuid = {689011A9-2358-4ABD-9092-1D7957F80C41}
	EndGlobalSection
EndGlobal
